{
  "requires": true,
  "lockfileVersion": 1,
  "dependencies": {
    "immer": {
      "version": "7.0.5",
      "resolved": "https://registry.npmjs.org/immer/-/immer-7.0.5.tgz",
      "integrity": "sha512-TtRAKZyuqld2eYjvWgXISLJ0ZlOl1OOTzRmrmiY8SlB0dnAhZ1OiykIDL5KDFNaPHDXiLfGQFNJGtet8z8AEmg=="
    }
  }
}
